github.com/thauanvargas/goearth v0.6.0 h1:7xihv9UFJW91Nxqkm540bIniOeH620d/zZebfEHs3JE=
github.com/thauanvargas/goearth v0.6.0/go.mod h1:pnfIMCDqP9uWLBYXXmt25L44uw8+XHcEtvumq8wAn8g=
golang.org/x/exp v0.0.0-20240613232115-7f521ea00fb8 h1:yixxcjnhBmY0nkL253HFVIm0JsFHwrHdT3Yh6szTnfY=
golang.org/x/exp v0.0.0-20240613232115-7f521ea00fb8/go.mod h1:jj3sYF3dwk5D+ghuXyeI3r5MFf+NT2An6/9dOA95KSI=
